
Microsoft Visual Studio Solution File, Format Version 12.00
# Visual Studio 2013
VisualStudioVersion = 12.0.30723.0
MinimumVisualStudioVersion = 10.0.40219.1
Project("{2150E333-8FDC-42A3-9474-1A3956D46DE8}") = "BizTalk", "BizTalk", "{99149CE0-01CD-4E36-B2BD-2A4570C4ED51}"
EndProject
Project("{2150E333-8FDC-42A3-9474-1A3956D46DE8}") = "CRM", "CRM", "{FC14C513-E977-4EC7-8434-EC2CA2A8BE67}"
EndProject
Project("{2150E333-8FDC-42A3-9474-1A3956D46DE8}") = "Services", "Services", "{789EFCFF-5971-40CA-931D-B0D5F81BCFFB}"
EndProject
Project("{2150E333-8FDC-42A3-9474-1A3956D46DE8}") = "Testing", "Testing", "{F852B1D6-BC66-41B9-AF1C-5DCA3508CA59}"
	ProjectSection(SolutionItems) = preProject
		04 ZDBM_CRM_VEHSTOCK.xml = 04 ZDBM_CRM_VEHSTOCK.xml
		05 OrderNotifyRequestMessage.xml = 05 OrderNotifyRequestMessage.xml
		05 ZDBM_CRM_ORDERDATA.xml = 05 ZDBM_CRM_ORDERDATA.xml
		ContactPublishRequestMessage.xml = ContactPublishRequestMessage.xml
	EndProjectSection
EndProject
Project("{FAE04EC0-301F-11D3-BF4B-00C04F79EFBC}") = "Toyota.Tsusho.SAP.Schemas", "Toyota.Tsusho.SAP.Schema\Toyota.Tsusho.SAP.Schemas.btproj", "{832E5811-B6DF-41C4-9E43-AF275F2D013B}"
EndProject
Project("{FAE04EC0-301F-11D3-BF4B-00C04F79EFBC}") = "Toyota.Tsusho.SAP.Transformations", "Toyota.Tsusho.SAP.Transformations\Toyota.Tsusho.SAP.Transformations.btproj", "{D57DDA11-9BBB-41E2-82E4-EA8685185C4C}"
EndProject
Project("{FAE04EC0-301F-11D3-BF4B-00C04F79EFBC}") = "CrmSvcUtilExtensions", "CrmSvcUtilsExtensions\CrmSvcUtilExtensions.csproj", "{6B498A14-F54E-4E96-87B3-5D44822E898D}"
EndProject
Project("{FAE04EC0-301F-11D3-BF4B-00C04F79EFBC}") = "Toyota.Tsusho.CRM.API", "Toyota.Tsusho.CRM.API\Toyota.Tsusho.CRM.API.csproj", "{788FC72C-4915-4969-A59F-4AF40F20E293}"
EndProject
Project("{FAE04EC0-301F-11D3-BF4B-00C04F79EFBC}") = "Toyota.Tsusho.CRM.Schemas", "Toyota.Tsusho.CRM.Schemas\Toyota.Tsusho.CRM.Schemas.btproj", "{CA688322-59C1-45AF-A428-99F8101B6C7A}"
EndProject
Project("{FAE04EC0-301F-11D3-BF4B-00C04F79EFBC}") = "Toyota.Tsusho.Bindings", "Toyota.Tsusho.Bindings\Toyota.Tsusho.Bindings.csproj", "{6CB51611-5497-489B-BE99-281464D26825}"
EndProject
Project("{FAE04EC0-301F-11D3-BF4B-00C04F79EFBC}") = "Toyota.Tsusho.CRM.API.MessageContracts", "Toyota.Tsusho.CRM.API.MessageContracts\Toyota.Tsusho.CRM.API.MessageContracts.csproj", "{44860F11-849B-4067-B505-12FC48F4213D}"
EndProject
Project("{FAE04EC0-301F-11D3-BF4B-00C04F79EFBC}") = "Toyota.Tsusho.CRM.API.ServiceContracts", "Toyota.Tsusho.CRM.API.ServiceContracts\Toyota.Tsusho.CRM.API.ServiceContracts.csproj", "{58D32CE3-0295-4ABB-B256-03D7FEF0254C}"
EndProject
Project("{FAE04EC0-301F-11D3-BF4B-00C04F79EFBC}") = "Toyota.Tsusho.CRM.API.ServiceImplementation", "Toyota.Tsusho.CRM.API.ServiceImplementation\Toyota.Tsusho.CRM.API.ServiceImplementation.csproj", "{5DE448F3-151B-42B5-95CC-91855EA57343}"
EndProject
Project("{FAE04EC0-301F-11D3-BF4B-00C04F79EFBC}") = "Toyota.Tsusho.CRM.API.Services", "Toyota.Tsusho.CRM.API.Services\Toyota.Tsusho.CRM.API.Services.csproj", "{30FB06AB-6E04-4D52-ADBD-199C572DD8D3}"
EndProject
Project("{FAE04EC0-301F-11D3-BF4B-00C04F79EFBC}") = "Toyota.Tsusho.ServiceModel", "Toyota.Tsusho.ServiceModel\Toyota.Tsusho.ServiceModel.csproj", "{890C98AB-9E05-4216-95C4-7C604561E511}"
EndProject
Project("{FAE04EC0-301F-11D3-BF4B-00C04F79EFBC}") = "Toyota.Tsusho.CRM.Services.Generic.WCF", "Toyota.Tsusho.CRM.Services.Generic.WCF\Toyota.Tsusho.CRM.Services.Generic.WCF.csproj", "{87B00AAA-3B2D-4F66-9C54-4B198DCFE1CE}"
EndProject
Project("{FAE04EC0-301F-11D3-BF4B-00C04F79EFBC}") = "Toyota.Tsusho.CRM.Services.Generic.Response.WCF", "Toyota.Tsusho.CRM.Services.Generic.Response.WCF\Toyota.Tsusho.CRM.Services.Generic.Response.WCF.csproj", "{E563DEFB-AF51-44FC-9F96-02B42484D4CB}"
EndProject
Project("{FAE04EC0-301F-11D3-BF4B-00C04F79EFBC}") = "Toyota.Tsusho.TALO.Schemas", "Toyota.Tsusho.TALO.Schemas\Toyota.Tsusho.TALO.Schemas.btproj", "{C69118FE-302B-457F-BDF2-14AD591AAE29}"
EndProject
Project("{FAE04EC0-301F-11D3-BF4B-00C04F79EFBC}") = "Toyota.Tsusho.CRM.API.DataContracts", "Toyota.Tsusho.CRM.API.DataContracts\Toyota.Tsusho.CRM.API.DataContracts.csproj", "{5919D6FF-591A-400C-A58D-11451922C6C2}"
EndProject
Project("{FAE04EC0-301F-11D3-BF4B-00C04F79EFBC}") = "Toyota.Tsusho.CRM.Transformations", "Toyota.Tsusho.CRM.Transformations\Toyota.Tsusho.CRM.Transformations.btproj", "{A65C9B03-F68A-4867-BBA0-C982041D45E3}"
EndProject
Project("{FAE04EC0-301F-11D3-BF4B-00C04F79EFBC}") = "Toyota.Tsusho.CRM.API.Testing", "Toyota.Tsusho.CRM.API.Testing\Toyota.Tsusho.CRM.API.Testing.csproj", "{518651BB-6476-4826-B488-BD5E91D36295}"
EndProject
Global
	GlobalSection(SolutionConfigurationPlatforms) = preSolution
		Debug|Any CPU = Debug|Any CPU
		DEV|Any CPU = DEV|Any CPU
		Release|Any CPU = Release|Any CPU
		T-KEN-DEV|Any CPU = T-KEN-DEV|Any CPU
		T-KEN-QA|Any CPU = T-KEN-QA|Any CPU
		T-MAU-DEV|Any CPU = T-MAU-DEV|Any CPU
		T-MAU-QA|Any CPU = T-MAU-QA|Any CPU
	EndGlobalSection
	GlobalSection(ProjectConfigurationPlatforms) = postSolution
		{832E5811-B6DF-41C4-9E43-AF275F2D013B}.Debug|Any CPU.ActiveCfg = Debug|Any CPU
		{832E5811-B6DF-41C4-9E43-AF275F2D013B}.Debug|Any CPU.Build.0 = Debug|Any CPU
		{832E5811-B6DF-41C4-9E43-AF275F2D013B}.Debug|Any CPU.Deploy.0 = Debug|Any CPU
		{832E5811-B6DF-41C4-9E43-AF275F2D013B}.DEV|Any CPU.ActiveCfg = DEV|Any CPU
		{832E5811-B6DF-41C4-9E43-AF275F2D013B}.DEV|Any CPU.Build.0 = DEV|Any CPU
		{832E5811-B6DF-41C4-9E43-AF275F2D013B}.DEV|Any CPU.Deploy.0 = DEV|Any CPU
		{832E5811-B6DF-41C4-9E43-AF275F2D013B}.Release|Any CPU.ActiveCfg = Release|Any CPU
		{832E5811-B6DF-41C4-9E43-AF275F2D013B}.Release|Any CPU.Build.0 = Release|Any CPU
		{832E5811-B6DF-41C4-9E43-AF275F2D013B}.Release|Any CPU.Deploy.0 = Release|Any CPU
		{832E5811-B6DF-41C4-9E43-AF275F2D013B}.T-KEN-DEV|Any CPU.ActiveCfg = T-KEN-DEV|Any CPU
		{832E5811-B6DF-41C4-9E43-AF275F2D013B}.T-KEN-DEV|Any CPU.Build.0 = T-KEN-DEV|Any CPU
		{832E5811-B6DF-41C4-9E43-AF275F2D013B}.T-KEN-DEV|Any CPU.Deploy.0 = T-KEN-DEV|Any CPU
		{832E5811-B6DF-41C4-9E43-AF275F2D013B}.T-KEN-QA|Any CPU.ActiveCfg = T-KEN-QA|Any CPU
		{832E5811-B6DF-41C4-9E43-AF275F2D013B}.T-KEN-QA|Any CPU.Build.0 = T-KEN-QA|Any CPU
		{832E5811-B6DF-41C4-9E43-AF275F2D013B}.T-KEN-QA|Any CPU.Deploy.0 = T-KEN-QA|Any CPU
		{832E5811-B6DF-41C4-9E43-AF275F2D013B}.T-MAU-DEV|Any CPU.ActiveCfg = T-MAU-DEV|Any CPU
		{832E5811-B6DF-41C4-9E43-AF275F2D013B}.T-MAU-DEV|Any CPU.Build.0 = T-MAU-DEV|Any CPU
		{832E5811-B6DF-41C4-9E43-AF275F2D013B}.T-MAU-DEV|Any CPU.Deploy.0 = T-MAU-DEV|Any CPU
		{832E5811-B6DF-41C4-9E43-AF275F2D013B}.T-MAU-QA|Any CPU.ActiveCfg = T-MAU-QA|Any CPU
		{832E5811-B6DF-41C4-9E43-AF275F2D013B}.T-MAU-QA|Any CPU.Build.0 = T-MAU-QA|Any CPU
		{832E5811-B6DF-41C4-9E43-AF275F2D013B}.T-MAU-QA|Any CPU.Deploy.0 = T-MAU-QA|Any CPU
		{D57DDA11-9BBB-41E2-82E4-EA8685185C4C}.Debug|Any CPU.ActiveCfg = Debug|Any CPU
		{D57DDA11-9BBB-41E2-82E4-EA8685185C4C}.Debug|Any CPU.Build.0 = Debug|Any CPU
		{D57DDA11-9BBB-41E2-82E4-EA8685185C4C}.Debug|Any CPU.Deploy.0 = Debug|Any CPU
		{D57DDA11-9BBB-41E2-82E4-EA8685185C4C}.DEV|Any CPU.ActiveCfg = DEV|Any CPU
		{D57DDA11-9BBB-41E2-82E4-EA8685185C4C}.DEV|Any CPU.Build.0 = DEV|Any CPU
		{D57DDA11-9BBB-41E2-82E4-EA8685185C4C}.DEV|Any CPU.Deploy.0 = DEV|Any CPU
		{D57DDA11-9BBB-41E2-82E4-EA8685185C4C}.Release|Any CPU.ActiveCfg = Release|Any CPU
		{D57DDA11-9BBB-41E2-82E4-EA8685185C4C}.Release|Any CPU.Build.0 = Release|Any CPU
		{D57DDA11-9BBB-41E2-82E4-EA8685185C4C}.Release|Any CPU.Deploy.0 = Release|Any CPU
		{D57DDA11-9BBB-41E2-82E4-EA8685185C4C}.T-KEN-DEV|Any CPU.ActiveCfg = T-KEN-DEV|Any CPU
		{D57DDA11-9BBB-41E2-82E4-EA8685185C4C}.T-KEN-DEV|Any CPU.Build.0 = T-KEN-DEV|Any CPU
		{D57DDA11-9BBB-41E2-82E4-EA8685185C4C}.T-KEN-DEV|Any CPU.Deploy.0 = T-KEN-DEV|Any CPU
		{D57DDA11-9BBB-41E2-82E4-EA8685185C4C}.T-KEN-QA|Any CPU.ActiveCfg = T-KEN-QA|Any CPU
		{D57DDA11-9BBB-41E2-82E4-EA8685185C4C}.T-KEN-QA|Any CPU.Build.0 = T-KEN-QA|Any CPU
		{D57DDA11-9BBB-41E2-82E4-EA8685185C4C}.T-KEN-QA|Any CPU.Deploy.0 = T-KEN-QA|Any CPU
		{D57DDA11-9BBB-41E2-82E4-EA8685185C4C}.T-MAU-DEV|Any CPU.ActiveCfg = T-MAU-DEV|Any CPU
		{D57DDA11-9BBB-41E2-82E4-EA8685185C4C}.T-MAU-DEV|Any CPU.Build.0 = T-MAU-DEV|Any CPU
		{D57DDA11-9BBB-41E2-82E4-EA8685185C4C}.T-MAU-DEV|Any CPU.Deploy.0 = T-MAU-DEV|Any CPU
		{D57DDA11-9BBB-41E2-82E4-EA8685185C4C}.T-MAU-QA|Any CPU.ActiveCfg = T-MAU-QA|Any CPU
		{D57DDA11-9BBB-41E2-82E4-EA8685185C4C}.T-MAU-QA|Any CPU.Build.0 = T-MAU-QA|Any CPU
		{D57DDA11-9BBB-41E2-82E4-EA8685185C4C}.T-MAU-QA|Any CPU.Deploy.0 = T-MAU-QA|Any CPU
		{6B498A14-F54E-4E96-87B3-5D44822E898D}.Debug|Any CPU.ActiveCfg = Debug|Any CPU
		{6B498A14-F54E-4E96-87B3-5D44822E898D}.Debug|Any CPU.Build.0 = Debug|Any CPU
		{6B498A14-F54E-4E96-87B3-5D44822E898D}.DEV|Any CPU.ActiveCfg = DEV|Any CPU
		{6B498A14-F54E-4E96-87B3-5D44822E898D}.DEV|Any CPU.Build.0 = DEV|Any CPU
		{6B498A14-F54E-4E96-87B3-5D44822E898D}.Release|Any CPU.ActiveCfg = Release|Any CPU
		{6B498A14-F54E-4E96-87B3-5D44822E898D}.Release|Any CPU.Build.0 = Release|Any CPU
		{6B498A14-F54E-4E96-87B3-5D44822E898D}.T-KEN-DEV|Any CPU.ActiveCfg = T-KEN-DEV|Any CPU
		{6B498A14-F54E-4E96-87B3-5D44822E898D}.T-KEN-DEV|Any CPU.Build.0 = T-KEN-DEV|Any CPU
		{6B498A14-F54E-4E96-87B3-5D44822E898D}.T-KEN-QA|Any CPU.ActiveCfg = T-KEN-QA|Any CPU
		{6B498A14-F54E-4E96-87B3-5D44822E898D}.T-KEN-QA|Any CPU.Build.0 = T-KEN-QA|Any CPU
		{6B498A14-F54E-4E96-87B3-5D44822E898D}.T-MAU-DEV|Any CPU.ActiveCfg = T-MAU-DEV|Any CPU
		{6B498A14-F54E-4E96-87B3-5D44822E898D}.T-MAU-DEV|Any CPU.Build.0 = T-MAU-DEV|Any CPU
		{6B498A14-F54E-4E96-87B3-5D44822E898D}.T-MAU-QA|Any CPU.ActiveCfg = T-MAU-QA|Any CPU
		{6B498A14-F54E-4E96-87B3-5D44822E898D}.T-MAU-QA|Any CPU.Build.0 = T-MAU-QA|Any CPU
		{788FC72C-4915-4969-A59F-4AF40F20E293}.Debug|Any CPU.ActiveCfg = Debug|Any CPU
		{788FC72C-4915-4969-A59F-4AF40F20E293}.Debug|Any CPU.Build.0 = Debug|Any CPU
		{788FC72C-4915-4969-A59F-4AF40F20E293}.DEV|Any CPU.ActiveCfg = DEV|Any CPU
		{788FC72C-4915-4969-A59F-4AF40F20E293}.DEV|Any CPU.Build.0 = DEV|Any CPU
		{788FC72C-4915-4969-A59F-4AF40F20E293}.Release|Any CPU.ActiveCfg = Release|Any CPU
		{788FC72C-4915-4969-A59F-4AF40F20E293}.Release|Any CPU.Build.0 = Release|Any CPU
		{788FC72C-4915-4969-A59F-4AF40F20E293}.T-KEN-DEV|Any CPU.ActiveCfg = T-KEN-DEV|Any CPU
		{788FC72C-4915-4969-A59F-4AF40F20E293}.T-KEN-DEV|Any CPU.Build.0 = T-KEN-DEV|Any CPU
		{788FC72C-4915-4969-A59F-4AF40F20E293}.T-KEN-QA|Any CPU.ActiveCfg = T-KEN-QA|Any CPU
		{788FC72C-4915-4969-A59F-4AF40F20E293}.T-KEN-QA|Any CPU.Build.0 = T-KEN-QA|Any CPU
		{788FC72C-4915-4969-A59F-4AF40F20E293}.T-MAU-DEV|Any CPU.ActiveCfg = T-MAU-DEV|Any CPU
		{788FC72C-4915-4969-A59F-4AF40F20E293}.T-MAU-DEV|Any CPU.Build.0 = T-MAU-DEV|Any CPU
		{788FC72C-4915-4969-A59F-4AF40F20E293}.T-MAU-QA|Any CPU.ActiveCfg = T-MAU-QA|Any CPU
		{788FC72C-4915-4969-A59F-4AF40F20E293}.T-MAU-QA|Any CPU.Build.0 = T-MAU-QA|Any CPU
		{CA688322-59C1-45AF-A428-99F8101B6C7A}.Debug|Any CPU.ActiveCfg = Debug|Any CPU
		{CA688322-59C1-45AF-A428-99F8101B6C7A}.Debug|Any CPU.Build.0 = Debug|Any CPU
		{CA688322-59C1-45AF-A428-99F8101B6C7A}.DEV|Any CPU.ActiveCfg = DEV|Any CPU
		{CA688322-59C1-45AF-A428-99F8101B6C7A}.Release|Any CPU.ActiveCfg = Release|Any CPU
		{CA688322-59C1-45AF-A428-99F8101B6C7A}.Release|Any CPU.Build.0 = Release|Any CPU
		{CA688322-59C1-45AF-A428-99F8101B6C7A}.T-KEN-DEV|Any CPU.ActiveCfg = T-KEN-DEV|Any CPU
		{CA688322-59C1-45AF-A428-99F8101B6C7A}.T-KEN-QA|Any CPU.ActiveCfg = T-KEN-QA|Any CPU
		{CA688322-59C1-45AF-A428-99F8101B6C7A}.T-MAU-DEV|Any CPU.ActiveCfg = T-MAU-DEV|Any CPU
		{CA688322-59C1-45AF-A428-99F8101B6C7A}.T-MAU-QA|Any CPU.ActiveCfg = T-MAU-QA|Any CPU
		{6CB51611-5497-489B-BE99-281464D26825}.Debug|Any CPU.ActiveCfg = Debug|Any CPU
		{6CB51611-5497-489B-BE99-281464D26825}.Debug|Any CPU.Build.0 = Debug|Any CPU
		{6CB51611-5497-489B-BE99-281464D26825}.DEV|Any CPU.ActiveCfg = DEV|Any CPU
		{6CB51611-5497-489B-BE99-281464D26825}.DEV|Any CPU.Build.0 = DEV|Any CPU
		{6CB51611-5497-489B-BE99-281464D26825}.Release|Any CPU.ActiveCfg = Release|Any CPU
		{6CB51611-5497-489B-BE99-281464D26825}.Release|Any CPU.Build.0 = Release|Any CPU
		{6CB51611-5497-489B-BE99-281464D26825}.T-KEN-DEV|Any CPU.ActiveCfg = T-KEN-DEV|Any CPU
		{6CB51611-5497-489B-BE99-281464D26825}.T-KEN-DEV|Any CPU.Build.0 = T-KEN-DEV|Any CPU
		{6CB51611-5497-489B-BE99-281464D26825}.T-KEN-QA|Any CPU.ActiveCfg = T-KEN-QA|Any CPU
		{6CB51611-5497-489B-BE99-281464D26825}.T-KEN-QA|Any CPU.Build.0 = T-KEN-QA|Any CPU
		{6CB51611-5497-489B-BE99-281464D26825}.T-MAU-DEV|Any CPU.ActiveCfg = T-MAU-DEV|Any CPU
		{6CB51611-5497-489B-BE99-281464D26825}.T-MAU-DEV|Any CPU.Build.0 = T-MAU-DEV|Any CPU
		{6CB51611-5497-489B-BE99-281464D26825}.T-MAU-QA|Any CPU.ActiveCfg = T-MAU-QA|Any CPU
		{6CB51611-5497-489B-BE99-281464D26825}.T-MAU-QA|Any CPU.Build.0 = T-MAU-QA|Any CPU
		{44860F11-849B-4067-B505-12FC48F4213D}.Debug|Any CPU.ActiveCfg = Debug|Any CPU
		{44860F11-849B-4067-B505-12FC48F4213D}.Debug|Any CPU.Build.0 = Debug|Any CPU
		{44860F11-849B-4067-B505-12FC48F4213D}.DEV|Any CPU.ActiveCfg = DEV|Any CPU
		{44860F11-849B-4067-B505-12FC48F4213D}.DEV|Any CPU.Build.0 = DEV|Any CPU
		{44860F11-849B-4067-B505-12FC48F4213D}.Release|Any CPU.ActiveCfg = Release|Any CPU
		{44860F11-849B-4067-B505-12FC48F4213D}.Release|Any CPU.Build.0 = Release|Any CPU
		{44860F11-849B-4067-B505-12FC48F4213D}.T-KEN-DEV|Any CPU.ActiveCfg = T-KEN-DEV|Any CPU
		{44860F11-849B-4067-B505-12FC48F4213D}.T-KEN-DEV|Any CPU.Build.0 = T-KEN-DEV|Any CPU
		{44860F11-849B-4067-B505-12FC48F4213D}.T-KEN-QA|Any CPU.ActiveCfg = T-KEN-QA|Any CPU
		{44860F11-849B-4067-B505-12FC48F4213D}.T-KEN-QA|Any CPU.Build.0 = T-KEN-QA|Any CPU
		{44860F11-849B-4067-B505-12FC48F4213D}.T-MAU-DEV|Any CPU.ActiveCfg = T-MAU-DEV|Any CPU
		{44860F11-849B-4067-B505-12FC48F4213D}.T-MAU-DEV|Any CPU.Build.0 = T-MAU-DEV|Any CPU
		{44860F11-849B-4067-B505-12FC48F4213D}.T-MAU-QA|Any CPU.ActiveCfg = T-MAU-QA|Any CPU
		{44860F11-849B-4067-B505-12FC48F4213D}.T-MAU-QA|Any CPU.Build.0 = T-MAU-QA|Any CPU
		{58D32CE3-0295-4ABB-B256-03D7FEF0254C}.Debug|Any CPU.ActiveCfg = Debug|Any CPU
		{58D32CE3-0295-4ABB-B256-03D7FEF0254C}.Debug|Any CPU.Build.0 = Debug|Any CPU
		{58D32CE3-0295-4ABB-B256-03D7FEF0254C}.DEV|Any CPU.ActiveCfg = DEV|Any CPU
		{58D32CE3-0295-4ABB-B256-03D7FEF0254C}.DEV|Any CPU.Build.0 = DEV|Any CPU
		{58D32CE3-0295-4ABB-B256-03D7FEF0254C}.Release|Any CPU.ActiveCfg = Release|Any CPU
		{58D32CE3-0295-4ABB-B256-03D7FEF0254C}.Release|Any CPU.Build.0 = Release|Any CPU
		{58D32CE3-0295-4ABB-B256-03D7FEF0254C}.T-KEN-DEV|Any CPU.ActiveCfg = T-KEN-DEV|Any CPU
		{58D32CE3-0295-4ABB-B256-03D7FEF0254C}.T-KEN-DEV|Any CPU.Build.0 = T-KEN-DEV|Any CPU
		{58D32CE3-0295-4ABB-B256-03D7FEF0254C}.T-KEN-QA|Any CPU.ActiveCfg = T-KEN-QA|Any CPU
		{58D32CE3-0295-4ABB-B256-03D7FEF0254C}.T-KEN-QA|Any CPU.Build.0 = T-KEN-QA|Any CPU
		{58D32CE3-0295-4ABB-B256-03D7FEF0254C}.T-MAU-DEV|Any CPU.ActiveCfg = T-MAU-DEV|Any CPU
		{58D32CE3-0295-4ABB-B256-03D7FEF0254C}.T-MAU-DEV|Any CPU.Build.0 = T-MAU-DEV|Any CPU
		{58D32CE3-0295-4ABB-B256-03D7FEF0254C}.T-MAU-QA|Any CPU.ActiveCfg = T-MAU-QA|Any CPU
		{58D32CE3-0295-4ABB-B256-03D7FEF0254C}.T-MAU-QA|Any CPU.Build.0 = T-MAU-QA|Any CPU
		{5DE448F3-151B-42B5-95CC-91855EA57343}.Debug|Any CPU.ActiveCfg = Debug|Any CPU
		{5DE448F3-151B-42B5-95CC-91855EA57343}.Debug|Any CPU.Build.0 = Debug|Any CPU
		{5DE448F3-151B-42B5-95CC-91855EA57343}.DEV|Any CPU.ActiveCfg = DEV|Any CPU
		{5DE448F3-151B-42B5-95CC-91855EA57343}.DEV|Any CPU.Build.0 = DEV|Any CPU
		{5DE448F3-151B-42B5-95CC-91855EA57343}.Release|Any CPU.ActiveCfg = Release|Any CPU
		{5DE448F3-151B-42B5-95CC-91855EA57343}.Release|Any CPU.Build.0 = Release|Any CPU
		{5DE448F3-151B-42B5-95CC-91855EA57343}.T-KEN-DEV|Any CPU.ActiveCfg = T-KEN-DEV|Any CPU
		{5DE448F3-151B-42B5-95CC-91855EA57343}.T-KEN-DEV|Any CPU.Build.0 = T-KEN-DEV|Any CPU
		{5DE448F3-151B-42B5-95CC-91855EA57343}.T-KEN-QA|Any CPU.ActiveCfg = T-KEN-QA|Any CPU
		{5DE448F3-151B-42B5-95CC-91855EA57343}.T-KEN-QA|Any CPU.Build.0 = T-KEN-QA|Any CPU
		{5DE448F3-151B-42B5-95CC-91855EA57343}.T-MAU-DEV|Any CPU.ActiveCfg = T-MAU-DEV|Any CPU
		{5DE448F3-151B-42B5-95CC-91855EA57343}.T-MAU-DEV|Any CPU.Build.0 = T-MAU-DEV|Any CPU
		{5DE448F3-151B-42B5-95CC-91855EA57343}.T-MAU-QA|Any CPU.ActiveCfg = T-MAU-QA|Any CPU
		{5DE448F3-151B-42B5-95CC-91855EA57343}.T-MAU-QA|Any CPU.Build.0 = T-MAU-QA|Any CPU
		{30FB06AB-6E04-4D52-ADBD-199C572DD8D3}.Debug|Any CPU.ActiveCfg = Debug|Any CPU
		{30FB06AB-6E04-4D52-ADBD-199C572DD8D3}.Debug|Any CPU.Build.0 = Debug|Any CPU
		{30FB06AB-6E04-4D52-ADBD-199C572DD8D3}.DEV|Any CPU.ActiveCfg = DEV|Any CPU
		{30FB06AB-6E04-4D52-ADBD-199C572DD8D3}.DEV|Any CPU.Build.0 = DEV|Any CPU
		{30FB06AB-6E04-4D52-ADBD-199C572DD8D3}.Release|Any CPU.ActiveCfg = Release|Any CPU
		{30FB06AB-6E04-4D52-ADBD-199C572DD8D3}.Release|Any CPU.Build.0 = Release|Any CPU
		{30FB06AB-6E04-4D52-ADBD-199C572DD8D3}.T-KEN-DEV|Any CPU.ActiveCfg = T-KEN-DEV|Any CPU
		{30FB06AB-6E04-4D52-ADBD-199C572DD8D3}.T-KEN-DEV|Any CPU.Build.0 = T-KEN-DEV|Any CPU
		{30FB06AB-6E04-4D52-ADBD-199C572DD8D3}.T-KEN-QA|Any CPU.ActiveCfg = T-KEN-QA|Any CPU
		{30FB06AB-6E04-4D52-ADBD-199C572DD8D3}.T-KEN-QA|Any CPU.Build.0 = T-KEN-QA|Any CPU
		{30FB06AB-6E04-4D52-ADBD-199C572DD8D3}.T-MAU-DEV|Any CPU.ActiveCfg = T-MAU-DEV|Any CPU
		{30FB06AB-6E04-4D52-ADBD-199C572DD8D3}.T-MAU-DEV|Any CPU.Build.0 = T-MAU-DEV|Any CPU
		{30FB06AB-6E04-4D52-ADBD-199C572DD8D3}.T-MAU-QA|Any CPU.ActiveCfg = T-MAU-QA|Any CPU
		{30FB06AB-6E04-4D52-ADBD-199C572DD8D3}.T-MAU-QA|Any CPU.Build.0 = T-MAU-QA|Any CPU
		{890C98AB-9E05-4216-95C4-7C604561E511}.Debug|Any CPU.ActiveCfg = Debug|Any CPU
		{890C98AB-9E05-4216-95C4-7C604561E511}.Debug|Any CPU.Build.0 = Debug|Any CPU
		{890C98AB-9E05-4216-95C4-7C604561E511}.DEV|Any CPU.ActiveCfg = DEV|Any CPU
		{890C98AB-9E05-4216-95C4-7C604561E511}.DEV|Any CPU.Build.0 = DEV|Any CPU
		{890C98AB-9E05-4216-95C4-7C604561E511}.Release|Any CPU.ActiveCfg = Release|Any CPU
		{890C98AB-9E05-4216-95C4-7C604561E511}.Release|Any CPU.Build.0 = Release|Any CPU
		{890C98AB-9E05-4216-95C4-7C604561E511}.T-KEN-DEV|Any CPU.ActiveCfg = T-KEN-DEV|Any CPU
		{890C98AB-9E05-4216-95C4-7C604561E511}.T-KEN-DEV|Any CPU.Build.0 = T-KEN-DEV|Any CPU
		{890C98AB-9E05-4216-95C4-7C604561E511}.T-KEN-QA|Any CPU.ActiveCfg = T-KEN-QA|Any CPU
		{890C98AB-9E05-4216-95C4-7C604561E511}.T-KEN-QA|Any CPU.Build.0 = T-KEN-QA|Any CPU
		{890C98AB-9E05-4216-95C4-7C604561E511}.T-MAU-DEV|Any CPU.ActiveCfg = T-MAU-DEV|Any CPU
		{890C98AB-9E05-4216-95C4-7C604561E511}.T-MAU-DEV|Any CPU.Build.0 = T-MAU-DEV|Any CPU
		{890C98AB-9E05-4216-95C4-7C604561E511}.T-MAU-QA|Any CPU.ActiveCfg = T-MAU-QA|Any CPU
		{890C98AB-9E05-4216-95C4-7C604561E511}.T-MAU-QA|Any CPU.Build.0 = T-MAU-QA|Any CPU
		{87B00AAA-3B2D-4F66-9C54-4B198DCFE1CE}.Debug|Any CPU.ActiveCfg = Debug|Any CPU
		{87B00AAA-3B2D-4F66-9C54-4B198DCFE1CE}.Debug|Any CPU.Build.0 = Debug|Any CPU
		{87B00AAA-3B2D-4F66-9C54-4B198DCFE1CE}.DEV|Any CPU.ActiveCfg = NMBM-DEV-BIZ.NMBM.co.za|Any CPU
		{87B00AAA-3B2D-4F66-9C54-4B198DCFE1CE}.DEV|Any CPU.Build.0 = NMBM-DEV-BIZ.NMBM.co.za|Any CPU
		{87B00AAA-3B2D-4F66-9C54-4B198DCFE1CE}.Release|Any CPU.ActiveCfg = Release|Any CPU
		{87B00AAA-3B2D-4F66-9C54-4B198DCFE1CE}.Release|Any CPU.Build.0 = Release|Any CPU
		{87B00AAA-3B2D-4F66-9C54-4B198DCFE1CE}.T-KEN-DEV|Any CPU.ActiveCfg = T-KEN-DEV|Any CPU
		{87B00AAA-3B2D-4F66-9C54-4B198DCFE1CE}.T-KEN-DEV|Any CPU.Build.0 = T-KEN-DEV|Any CPU
		{87B00AAA-3B2D-4F66-9C54-4B198DCFE1CE}.T-KEN-QA|Any CPU.ActiveCfg = T-KEN-QA|Any CPU
		{87B00AAA-3B2D-4F66-9C54-4B198DCFE1CE}.T-KEN-QA|Any CPU.Build.0 = T-KEN-QA|Any CPU
		{87B00AAA-3B2D-4F66-9C54-4B198DCFE1CE}.T-MAU-DEV|Any CPU.ActiveCfg = T-KEN-QA|Any CPU
		{87B00AAA-3B2D-4F66-9C54-4B198DCFE1CE}.T-MAU-DEV|Any CPU.Build.0 = T-KEN-QA|Any CPU
		{87B00AAA-3B2D-4F66-9C54-4B198DCFE1CE}.T-MAU-QA|Any CPU.ActiveCfg = T-KEN-QA|Any CPU
		{87B00AAA-3B2D-4F66-9C54-4B198DCFE1CE}.T-MAU-QA|Any CPU.Build.0 = T-KEN-QA|Any CPU
		{E563DEFB-AF51-44FC-9F96-02B42484D4CB}.Debug|Any CPU.ActiveCfg = Debug|Any CPU
		{E563DEFB-AF51-44FC-9F96-02B42484D4CB}.Debug|Any CPU.Build.0 = Debug|Any CPU
		{E563DEFB-AF51-44FC-9F96-02B42484D4CB}.DEV|Any CPU.ActiveCfg = NMBM-DEV-BIZ.NMBM.co.za|Any CPU
		{E563DEFB-AF51-44FC-9F96-02B42484D4CB}.DEV|Any CPU.Build.0 = NMBM-DEV-BIZ.NMBM.co.za|Any CPU
		{E563DEFB-AF51-44FC-9F96-02B42484D4CB}.Release|Any CPU.ActiveCfg = Release|Any CPU
		{E563DEFB-AF51-44FC-9F96-02B42484D4CB}.Release|Any CPU.Build.0 = Release|Any CPU
		{E563DEFB-AF51-44FC-9F96-02B42484D4CB}.T-KEN-DEV|Any CPU.ActiveCfg = T-KEN-DEV|Any CPU
		{E563DEFB-AF51-44FC-9F96-02B42484D4CB}.T-KEN-DEV|Any CPU.Build.0 = T-KEN-DEV|Any CPU
		{E563DEFB-AF51-44FC-9F96-02B42484D4CB}.T-KEN-QA|Any CPU.ActiveCfg = T-KEN-QA|Any CPU
		{E563DEFB-AF51-44FC-9F96-02B42484D4CB}.T-KEN-QA|Any CPU.Build.0 = T-KEN-QA|Any CPU
		{E563DEFB-AF51-44FC-9F96-02B42484D4CB}.T-MAU-DEV|Any CPU.ActiveCfg = T-KEN-QA|Any CPU
		{E563DEFB-AF51-44FC-9F96-02B42484D4CB}.T-MAU-DEV|Any CPU.Build.0 = T-KEN-QA|Any CPU
		{E563DEFB-AF51-44FC-9F96-02B42484D4CB}.T-MAU-QA|Any CPU.ActiveCfg = T-KEN-QA|Any CPU
		{E563DEFB-AF51-44FC-9F96-02B42484D4CB}.T-MAU-QA|Any CPU.Build.0 = T-KEN-QA|Any CPU
		{C69118FE-302B-457F-BDF2-14AD591AAE29}.Debug|Any CPU.ActiveCfg = Debug|Any CPU
		{C69118FE-302B-457F-BDF2-14AD591AAE29}.Debug|Any CPU.Build.0 = Debug|Any CPU
		{C69118FE-302B-457F-BDF2-14AD591AAE29}.Debug|Any CPU.Deploy.0 = Debug|Any CPU
		{C69118FE-302B-457F-BDF2-14AD591AAE29}.DEV|Any CPU.ActiveCfg = DEV|Any CPU
		{C69118FE-302B-457F-BDF2-14AD591AAE29}.DEV|Any CPU.Build.0 = DEV|Any CPU
		{C69118FE-302B-457F-BDF2-14AD591AAE29}.DEV|Any CPU.Deploy.0 = DEV|Any CPU
		{C69118FE-302B-457F-BDF2-14AD591AAE29}.Release|Any CPU.ActiveCfg = Release|Any CPU
		{C69118FE-302B-457F-BDF2-14AD591AAE29}.Release|Any CPU.Build.0 = Release|Any CPU
		{C69118FE-302B-457F-BDF2-14AD591AAE29}.Release|Any CPU.Deploy.0 = Release|Any CPU
		{C69118FE-302B-457F-BDF2-14AD591AAE29}.T-KEN-DEV|Any CPU.ActiveCfg = T-KEN-DEV|Any CPU
		{C69118FE-302B-457F-BDF2-14AD591AAE29}.T-KEN-DEV|Any CPU.Build.0 = T-KEN-DEV|Any CPU
		{C69118FE-302B-457F-BDF2-14AD591AAE29}.T-KEN-DEV|Any CPU.Deploy.0 = T-KEN-DEV|Any CPU
		{C69118FE-302B-457F-BDF2-14AD591AAE29}.T-KEN-QA|Any CPU.ActiveCfg = T-KEN-QA|Any CPU
		{C69118FE-302B-457F-BDF2-14AD591AAE29}.T-KEN-QA|Any CPU.Build.0 = T-KEN-QA|Any CPU
		{C69118FE-302B-457F-BDF2-14AD591AAE29}.T-KEN-QA|Any CPU.Deploy.0 = T-KEN-QA|Any CPU
		{C69118FE-302B-457F-BDF2-14AD591AAE29}.T-MAU-DEV|Any CPU.ActiveCfg = T-MAU-DEV|Any CPU
		{C69118FE-302B-457F-BDF2-14AD591AAE29}.T-MAU-DEV|Any CPU.Build.0 = T-MAU-DEV|Any CPU
		{C69118FE-302B-457F-BDF2-14AD591AAE29}.T-MAU-DEV|Any CPU.Deploy.0 = T-MAU-DEV|Any CPU
		{C69118FE-302B-457F-BDF2-14AD591AAE29}.T-MAU-QA|Any CPU.ActiveCfg = T-MAU-QA|Any CPU
		{C69118FE-302B-457F-BDF2-14AD591AAE29}.T-MAU-QA|Any CPU.Build.0 = T-MAU-QA|Any CPU
		{C69118FE-302B-457F-BDF2-14AD591AAE29}.T-MAU-QA|Any CPU.Deploy.0 = T-MAU-QA|Any CPU
		{5919D6FF-591A-400C-A58D-11451922C6C2}.Debug|Any CPU.ActiveCfg = Debug|Any CPU
		{5919D6FF-591A-400C-A58D-11451922C6C2}.Debug|Any CPU.Build.0 = Debug|Any CPU
		{5919D6FF-591A-400C-A58D-11451922C6C2}.DEV|Any CPU.ActiveCfg = DEV|Any CPU
		{5919D6FF-591A-400C-A58D-11451922C6C2}.DEV|Any CPU.Build.0 = DEV|Any CPU
		{5919D6FF-591A-400C-A58D-11451922C6C2}.Release|Any CPU.ActiveCfg = Release|Any CPU
		{5919D6FF-591A-400C-A58D-11451922C6C2}.Release|Any CPU.Build.0 = Release|Any CPU
		{5919D6FF-591A-400C-A58D-11451922C6C2}.T-KEN-DEV|Any CPU.ActiveCfg = T-KEN-DEV|Any CPU
		{5919D6FF-591A-400C-A58D-11451922C6C2}.T-KEN-DEV|Any CPU.Build.0 = T-KEN-DEV|Any CPU
		{5919D6FF-591A-400C-A58D-11451922C6C2}.T-KEN-QA|Any CPU.ActiveCfg = T-KEN-QA|Any CPU
		{5919D6FF-591A-400C-A58D-11451922C6C2}.T-KEN-QA|Any CPU.Build.0 = T-KEN-QA|Any CPU
		{5919D6FF-591A-400C-A58D-11451922C6C2}.T-MAU-DEV|Any CPU.ActiveCfg = T-MAU-DEV|Any CPU
		{5919D6FF-591A-400C-A58D-11451922C6C2}.T-MAU-DEV|Any CPU.Build.0 = T-MAU-DEV|Any CPU
		{5919D6FF-591A-400C-A58D-11451922C6C2}.T-MAU-QA|Any CPU.ActiveCfg = T-MAU-QA|Any CPU
		{5919D6FF-591A-400C-A58D-11451922C6C2}.T-MAU-QA|Any CPU.Build.0 = T-MAU-QA|Any CPU
		{A65C9B03-F68A-4867-BBA0-C982041D45E3}.Debug|Any CPU.ActiveCfg = Debug|Any CPU
		{A65C9B03-F68A-4867-BBA0-C982041D45E3}.Debug|Any CPU.Build.0 = Debug|Any CPU
		{A65C9B03-F68A-4867-BBA0-C982041D45E3}.Debug|Any CPU.Deploy.0 = Debug|Any CPU
		{A65C9B03-F68A-4867-BBA0-C982041D45E3}.DEV|Any CPU.ActiveCfg = DEV|Any CPU
		{A65C9B03-F68A-4867-BBA0-C982041D45E3}.DEV|Any CPU.Build.0 = DEV|Any CPU
		{A65C9B03-F68A-4867-BBA0-C982041D45E3}.DEV|Any CPU.Deploy.0 = DEV|Any CPU
		{A65C9B03-F68A-4867-BBA0-C982041D45E3}.Release|Any CPU.ActiveCfg = Release|Any CPU
		{A65C9B03-F68A-4867-BBA0-C982041D45E3}.Release|Any CPU.Build.0 = Release|Any CPU
		{A65C9B03-F68A-4867-BBA0-C982041D45E3}.Release|Any CPU.Deploy.0 = Release|Any CPU
		{A65C9B03-F68A-4867-BBA0-C982041D45E3}.T-KEN-DEV|Any CPU.ActiveCfg = T-KEN-DEV|Any CPU
		{A65C9B03-F68A-4867-BBA0-C982041D45E3}.T-KEN-DEV|Any CPU.Build.0 = T-KEN-DEV|Any CPU
		{A65C9B03-F68A-4867-BBA0-C982041D45E3}.T-KEN-DEV|Any CPU.Deploy.0 = T-KEN-DEV|Any CPU
		{A65C9B03-F68A-4867-BBA0-C982041D45E3}.T-KEN-QA|Any CPU.ActiveCfg = T-KEN-QA|Any CPU
		{A65C9B03-F68A-4867-BBA0-C982041D45E3}.T-KEN-QA|Any CPU.Build.0 = T-KEN-QA|Any CPU
		{A65C9B03-F68A-4867-BBA0-C982041D45E3}.T-KEN-QA|Any CPU.Deploy.0 = T-KEN-QA|Any CPU
		{A65C9B03-F68A-4867-BBA0-C982041D45E3}.T-MAU-DEV|Any CPU.ActiveCfg = T-MAU-DEV|Any CPU
		{A65C9B03-F68A-4867-BBA0-C982041D45E3}.T-MAU-DEV|Any CPU.Build.0 = T-MAU-DEV|Any CPU
		{A65C9B03-F68A-4867-BBA0-C982041D45E3}.T-MAU-DEV|Any CPU.Deploy.0 = T-MAU-DEV|Any CPU
		{A65C9B03-F68A-4867-BBA0-C982041D45E3}.T-MAU-QA|Any CPU.ActiveCfg = T-MAU-QA|Any CPU
		{A65C9B03-F68A-4867-BBA0-C982041D45E3}.T-MAU-QA|Any CPU.Build.0 = T-MAU-QA|Any CPU
		{A65C9B03-F68A-4867-BBA0-C982041D45E3}.T-MAU-QA|Any CPU.Deploy.0 = T-MAU-QA|Any CPU
		{518651BB-6476-4826-B488-BD5E91D36295}.Debug|Any CPU.ActiveCfg = Debug|Any CPU
		{518651BB-6476-4826-B488-BD5E91D36295}.Debug|Any CPU.Build.0 = Debug|Any CPU
		{518651BB-6476-4826-B488-BD5E91D36295}.DEV|Any CPU.ActiveCfg = Debug|Any CPU
		{518651BB-6476-4826-B488-BD5E91D36295}.DEV|Any CPU.Build.0 = Debug|Any CPU
		{518651BB-6476-4826-B488-BD5E91D36295}.Release|Any CPU.ActiveCfg = Release|Any CPU
		{518651BB-6476-4826-B488-BD5E91D36295}.Release|Any CPU.Build.0 = Release|Any CPU
		{518651BB-6476-4826-B488-BD5E91D36295}.T-KEN-DEV|Any CPU.ActiveCfg = Release|Any CPU
		{518651BB-6476-4826-B488-BD5E91D36295}.T-KEN-DEV|Any CPU.Build.0 = Release|Any CPU
		{518651BB-6476-4826-B488-BD5E91D36295}.T-KEN-QA|Any CPU.ActiveCfg = Release|Any CPU
		{518651BB-6476-4826-B488-BD5E91D36295}.T-KEN-QA|Any CPU.Build.0 = Release|Any CPU
		{518651BB-6476-4826-B488-BD5E91D36295}.T-MAU-DEV|Any CPU.ActiveCfg = Release|Any CPU
		{518651BB-6476-4826-B488-BD5E91D36295}.T-MAU-DEV|Any CPU.Build.0 = Release|Any CPU
		{518651BB-6476-4826-B488-BD5E91D36295}.T-MAU-QA|Any CPU.ActiveCfg = Release|Any CPU
		{518651BB-6476-4826-B488-BD5E91D36295}.T-MAU-QA|Any CPU.Build.0 = Release|Any CPU
	EndGlobalSection
	GlobalSection(SolutionProperties) = preSolution
		HideSolutionNode = FALSE
	EndGlobalSection
	GlobalSection(NestedProjects) = preSolution
		{832E5811-B6DF-41C4-9E43-AF275F2D013B} = {99149CE0-01CD-4E36-B2BD-2A4570C4ED51}
		{D57DDA11-9BBB-41E2-82E4-EA8685185C4C} = {99149CE0-01CD-4E36-B2BD-2A4570C4ED51}
		{6B498A14-F54E-4E96-87B3-5D44822E898D} = {FC14C513-E977-4EC7-8434-EC2CA2A8BE67}
		{788FC72C-4915-4969-A59F-4AF40F20E293} = {FC14C513-E977-4EC7-8434-EC2CA2A8BE67}
		{CA688322-59C1-45AF-A428-99F8101B6C7A} = {99149CE0-01CD-4E36-B2BD-2A4570C4ED51}
		{6CB51611-5497-489B-BE99-281464D26825} = {99149CE0-01CD-4E36-B2BD-2A4570C4ED51}
		{44860F11-849B-4067-B505-12FC48F4213D} = {789EFCFF-5971-40CA-931D-B0D5F81BCFFB}
		{58D32CE3-0295-4ABB-B256-03D7FEF0254C} = {789EFCFF-5971-40CA-931D-B0D5F81BCFFB}
		{5DE448F3-151B-42B5-95CC-91855EA57343} = {789EFCFF-5971-40CA-931D-B0D5F81BCFFB}
		{30FB06AB-6E04-4D52-ADBD-199C572DD8D3} = {789EFCFF-5971-40CA-931D-B0D5F81BCFFB}
		{890C98AB-9E05-4216-95C4-7C604561E511} = {789EFCFF-5971-40CA-931D-B0D5F81BCFFB}
		{87B00AAA-3B2D-4F66-9C54-4B198DCFE1CE} = {99149CE0-01CD-4E36-B2BD-2A4570C4ED51}
		{E563DEFB-AF51-44FC-9F96-02B42484D4CB} = {99149CE0-01CD-4E36-B2BD-2A4570C4ED51}
		{C69118FE-302B-457F-BDF2-14AD591AAE29} = {99149CE0-01CD-4E36-B2BD-2A4570C4ED51}
		{5919D6FF-591A-400C-A58D-11451922C6C2} = {789EFCFF-5971-40CA-931D-B0D5F81BCFFB}
		{A65C9B03-F68A-4867-BBA0-C982041D45E3} = {99149CE0-01CD-4E36-B2BD-2A4570C4ED51}
		{518651BB-6476-4826-B488-BD5E91D36295} = {F852B1D6-BC66-41B9-AF1C-5DCA3508CA59}
	EndGlobalSection
EndGlobal
