
Microsoft Visual Studio Solution File, Format Version 12.00
# Visual Studio 2012
Project("{FAE04EC0-301F-11D3-BF4B-00C04F79EFBC}") = "Toyota.Tsusho.CRM.API", "Toyota.Tsusho.CRM.API\Toyota.Tsusho.CRM.API.csproj", "{788FC72C-4915-4969-A59F-4AF40F20E293}"
EndProject
Project("{FAE04EC0-301F-11D3-BF4B-00C04F79EFBC}") = "Toyota.Tsusho.CRM.API.Workflows", "Toyota.Tsusho.CRM.API.Workflows\Toyota.Tsusho.CRM.API.Workflows.csproj", "{26F2DC7C-85B2-466C-BD88-C7CF10743BF5}"
EndProject
Project("{88A30576-7583-4F75-8136-5EFD2C14ADFF}") = "Toyota.Tsusho.CRM.API.Package", "Toyota.Tsusho.CRM.API.Package\Toyota.Tsusho.CRM.API.Package.csproj", "{D6AD1BB9-AB8C-4CBF-8416-62628C37AA72}"
EndProject
Project("{FAE04EC0-301F-11D3-BF4B-00C04F79EFBC}") = "Toyota.Tsusho.CRM.API.MessageContracts", "Toyota.Tsusho.CRM.API.MessageContracts\Toyota.Tsusho.CRM.API.MessageContracts.csproj", "{44860F11-849B-4067-B505-12FC48F4213D}"
EndProject
Project("{FAE04EC0-301F-11D3-BF4B-00C04F79EFBC}") = "CrmSvcUtilExtensions", "CrmSvcUtilsExtensions\CrmSvcUtilExtensions.csproj", "{6B498A14-F54E-4E96-87B3-5D44822E898D}"
EndProject
Project("{FAE04EC0-301F-11D3-BF4B-00C04F79EFBC}") = "CRMUnitTests", "CRMUnitTests\CRMUnitTests.csproj", "{90A71F7C-910A-4EC3-A464-58A498580AA8}"
EndProject
Project("{FAE04EC0-301F-11D3-BF4B-00C04F79EFBC}") = "Toyota.Tsusho.CRM.API.DataContracts", "Toyota.Tsusho.CRM.API.DataContracts\Toyota.Tsusho.CRM.API.DataContracts.csproj", "{5919D6FF-591A-400C-A58D-11451922C6C2}"
EndProject
Project("{FAE04EC0-301F-11D3-BF4B-00C04F79EFBC}") = "Toyota.Tsusho.CRM.API.Testing", "Toyota.Tsusho.CRM.API.Testing\Toyota.Tsusho.CRM.API.Testing.csproj", "{518651BB-6476-4826-B488-BD5E91D36295}"
EndProject
Project("{FAE04EC0-301F-11D3-BF4B-00C04F79EFBC}") = "Toyota.Tsusho.CRM.API.Solution", "Toyota.Tsusho.CRM.API.Solution\Toyota.Tsusho.CRM.API.Solution.csproj", "{47B1AD3D-D06E-41C7-A482-7546ED2A4A4C}"
EndProject
Global
	GlobalSection(CRMSolutionProperties) = preSolution
		SolutionIsBoundToCRM = True
	EndGlobalSection
	GlobalSection(SolutionConfigurationPlatforms) = preSolution
		Debug|Any CPU = Debug|Any CPU
		Release|Any CPU = Release|Any CPU
	EndGlobalSection
	GlobalSection(ProjectConfigurationPlatforms) = postSolution
		{788FC72C-4915-4969-A59F-4AF40F20E293}.Debug|Any CPU.ActiveCfg = Debug|Any CPU
		{788FC72C-4915-4969-A59F-4AF40F20E293}.Debug|Any CPU.Build.0 = Debug|Any CPU
		{788FC72C-4915-4969-A59F-4AF40F20E293}.Release|Any CPU.ActiveCfg = Release|Any CPU
		{788FC72C-4915-4969-A59F-4AF40F20E293}.Release|Any CPU.Build.0 = Release|Any CPU
		{26F2DC7C-85B2-466C-BD88-C7CF10743BF5}.Debug|Any CPU.ActiveCfg = Debug|Any CPU
		{26F2DC7C-85B2-466C-BD88-C7CF10743BF5}.Debug|Any CPU.Build.0 = Debug|Any CPU
		{26F2DC7C-85B2-466C-BD88-C7CF10743BF5}.Release|Any CPU.ActiveCfg = Release|Any CPU
		{26F2DC7C-85B2-466C-BD88-C7CF10743BF5}.Release|Any CPU.Build.0 = Release|Any CPU
		{D6AD1BB9-AB8C-4CBF-8416-62628C37AA72}.Debug|Any CPU.ActiveCfg = Debug|Any CPU
		{D6AD1BB9-AB8C-4CBF-8416-62628C37AA72}.Debug|Any CPU.Build.0 = Debug|Any CPU
		{D6AD1BB9-AB8C-4CBF-8416-62628C37AA72}.Debug|Any CPU.Deploy.0 = Debug|Any CPU
		{D6AD1BB9-AB8C-4CBF-8416-62628C37AA72}.Release|Any CPU.ActiveCfg = Release|Any CPU
		{D6AD1BB9-AB8C-4CBF-8416-62628C37AA72}.Release|Any CPU.Build.0 = Release|Any CPU
		{D6AD1BB9-AB8C-4CBF-8416-62628C37AA72}.Release|Any CPU.Deploy.0 = Release|Any CPU
		{44860F11-849B-4067-B505-12FC48F4213D}.Debug|Any CPU.ActiveCfg = Debug|Any CPU
		{44860F11-849B-4067-B505-12FC48F4213D}.Debug|Any CPU.Build.0 = Debug|Any CPU
		{44860F11-849B-4067-B505-12FC48F4213D}.Release|Any CPU.ActiveCfg = Release|Any CPU
		{44860F11-849B-4067-B505-12FC48F4213D}.Release|Any CPU.Build.0 = Release|Any CPU
		{6B498A14-F54E-4E96-87B3-5D44822E898D}.Debug|Any CPU.ActiveCfg = Debug|Any CPU
		{6B498A14-F54E-4E96-87B3-5D44822E898D}.Debug|Any CPU.Build.0 = Debug|Any CPU
		{6B498A14-F54E-4E96-87B3-5D44822E898D}.Release|Any CPU.ActiveCfg = Release|Any CPU
		{6B498A14-F54E-4E96-87B3-5D44822E898D}.Release|Any CPU.Build.0 = Release|Any CPU
		{90A71F7C-910A-4EC3-A464-58A498580AA8}.Debug|Any CPU.ActiveCfg = Debug|Any CPU
		{90A71F7C-910A-4EC3-A464-58A498580AA8}.Debug|Any CPU.Build.0 = Debug|Any CPU
		{90A71F7C-910A-4EC3-A464-58A498580AA8}.Release|Any CPU.ActiveCfg = Release|Any CPU
		{90A71F7C-910A-4EC3-A464-58A498580AA8}.Release|Any CPU.Build.0 = Release|Any CPU
		{5919D6FF-591A-400C-A58D-11451922C6C2}.Debug|Any CPU.ActiveCfg = Debug|Any CPU
		{5919D6FF-591A-400C-A58D-11451922C6C2}.Debug|Any CPU.Build.0 = Debug|Any CPU
		{5919D6FF-591A-400C-A58D-11451922C6C2}.Release|Any CPU.ActiveCfg = Release|Any CPU
		{5919D6FF-591A-400C-A58D-11451922C6C2}.Release|Any CPU.Build.0 = Release|Any CPU
		{518651BB-6476-4826-B488-BD5E91D36295}.Debug|Any CPU.ActiveCfg = Debug|Any CPU
		{518651BB-6476-4826-B488-BD5E91D36295}.Debug|Any CPU.Build.0 = Debug|Any CPU
		{518651BB-6476-4826-B488-BD5E91D36295}.Release|Any CPU.ActiveCfg = Release|Any CPU
		{518651BB-6476-4826-B488-BD5E91D36295}.Release|Any CPU.Build.0 = Release|Any CPU
		{47B1AD3D-D06E-41C7-A482-7546ED2A4A4C}.Debug|Any CPU.ActiveCfg = Debug|Any CPU
		{47B1AD3D-D06E-41C7-A482-7546ED2A4A4C}.Release|Any CPU.ActiveCfg = Release|Any CPU
		{47B1AD3D-D06E-41C7-A482-7546ED2A4A4C}.Release|Any CPU.Build.0 = Release|Any CPU
	EndGlobalSection
	GlobalSection(SolutionProperties) = preSolution
		HideSolutionNode = FALSE
	EndGlobalSection
EndGlobal
