
Microsoft Visual Studio Solution File, Format Version 12.00
# Visual Studio 2013
VisualStudioVersion = 12.0.30501.0
MinimumVisualStudioVersion = 10.0.40219.1
Project("{FAE04EC0-301F-11D3-BF4B-00C04F79EFBC}") = "Toyota.Tsusho.SAP.Schemas", "Toyota.Tsusho.SAP.Schema\Toyota.Tsusho.SAP.Schemas.btproj", "{832E5811-B6DF-41C4-9E43-AF275F2D013B}"
EndProject
Project("{2150E333-8FDC-42A3-9474-1A3956D46DE8}") = "Solution Items", "Solution Items", "{BDBFBB16-DAF3-4B98-A268-818772BECB9B}"
	ProjectSection(SolutionItems) = preProject
		Toyota.Tsusho.snk = Toyota.Tsusho.snk
	EndProjectSection
EndProject
Project("{2150E333-8FDC-42A3-9474-1A3956D46DE8}") = ".nuget", ".nuget", "{9C91EE7E-72DD-4C03-802B-5ED3AE562AE9}"
	ProjectSection(SolutionItems) = preProject
		.nuget\NuGet.Config = .nuget\NuGet.Config
		.nuget\NuGet.exe = .nuget\NuGet.exe
		.nuget\NuGet.targets = .nuget\NuGet.targets
	EndProjectSection
EndProject
Project("{FAE04EC0-301F-11D3-BF4B-00C04F79EFBC}") = "Toyota.Tsusho.TALO.API.DataContracts", "Toyota.Tsusho.TALO.API.DataContracts\Toyota.Tsusho.TALO.API.DataContracts.csproj", "{DA4BCFD9-9C41-4281-9A37-D7CA23395216}"
EndProject
Project("{FAE04EC0-301F-11D3-BF4B-00C04F79EFBC}") = "Toyota.Tsusho.TALO.API.MessageContracts", "Toyota.Tsusho.TALO.API.MessageContracts\Toyota.Tsusho.TALO.API.MessageContracts.csproj", "{EF095B71-8731-4CC8-A64E-C6BD05ED4FF4}"
EndProject
Project("{FAE04EC0-301F-11D3-BF4B-00C04F79EFBC}") = "Toyota.Tsusho.TALO.API.ServiceContracts", "Toyota.Tsusho.TALO.API.ServiceContracts\Toyota.Tsusho.TALO.API.ServiceContracts.csproj", "{C721070D-9BA7-4B6C-B695-1FBF956E769B}"
EndProject
Project("{2150E333-8FDC-42A3-9474-1A3956D46DE8}") = "Services", "Services", "{5EF150E1-37DF-4A8A-A56F-2D31EDC10B23}"
EndProject
Project("{2150E333-8FDC-42A3-9474-1A3956D46DE8}") = "BizTalk", "BizTalk", "{D30EBEB1-C391-4AD6-BE68-D041926B7FAC}"
EndProject
Project("{FAE04EC0-301F-11D3-BF4B-00C04F79EFBC}") = "Toyota.Tsusho.BizTalk.Components", "Toyota.Tsusho.BizTalk.Components\Toyota.Tsusho.BizTalk.Components.csproj", "{F7E81EB6-2C22-427C-B797-03A67756C53C}"
EndProject
Project("{FAE04EC0-301F-11D3-BF4B-00C04F79EFBC}") = "Toyota.Tsusho.TALO.API.ServiceImplementation", "Toyota.Tsusho.TALO.API.ServiceImplementation\Toyota.Tsusho.TALO.API.ServiceImplementation.csproj", "{D2618728-DCCE-41B0-9BF5-7FC269841DE1}"
EndProject
Project("{FAE04EC0-301F-11D3-BF4B-00C04F79EFBC}") = "Toyota.Tsusho.TALO.API", "Toyota.Tsusho.TALO.API\Toyota.Tsusho.TALO.API.csproj", "{03285DFF-8663-4371-84B2-CD5B6306A8C0}"
EndProject
Project("{FAE04EC0-301F-11D3-BF4B-00C04F79EFBC}") = "Toyota.Tsusho.TALO.Schemas", "Toyota.Tsusho.TALO.Schemas\Toyota.Tsusho.TALO.Schemas.btproj", "{C69118FE-302B-457F-BDF2-14AD591AAE29}"
EndProject
Project("{FAE04EC0-301F-11D3-BF4B-00C04F79EFBC}") = "Toyota.Tsusho.TALO.Transformations", "Toyota.Tsusho.TALO.Transformations\Toyota.Tsusho.TALO.Transformations.btproj", "{DBCC2432-810D-4CF6-A223-8520E4B8CE11}"
EndProject
Project("{2150E333-8FDC-42A3-9474-1A3956D46DE8}") = "Testing", "Testing", "{0B4B9578-F2B7-4958-9C10-A7B32EDCFE75}"
	ProjectSection(SolutionItems) = preProject
		1 ZDBM_TALO_O_VEHMAST.xml = 1 ZDBM_TALO_O_VEHMAST.xml
		2 ZDBM_TALO_I_ORDCONFIRM.xml = 2 ZDBM_TALO_I_ORDCONFIRM.xml
		3 OrderConfirmationRequestMessage.xml = 3 OrderConfirmationRequestMessage.xml
		3 ZDBM_TALO_O_VEHICLENUM.xml = 3 ZDBM_TALO_O_VEHICLENUM.xml
		4 ShippingInformationUpdateRequestMessage.xml = 4 ShippingInformationUpdateRequestMessage.xml
		4 ZDBM_TALO_I_SHIPPING.xml = 4 ZDBM_TALO_I_SHIPPING.xml
		5 VehicleRegisterRequestMessage.xml = 5 VehicleRegisterRequestMessage.xml
		6 ZDBM_TALO_O_CUSTACCOUNT.xml = 6 ZDBM_TALO_O_CUSTACCOUNT.xml
		7 VehicleAllocationRequestMessage.xml = 7 VehicleAllocationRequestMessage.xml
		9 ZDBM_TALO_O_STOCKAGE.xml = 9 ZDBM_TALO_O_STOCKAGE.xml
	EndProjectSection
EndProject
Project("{FAE04EC0-301F-11D3-BF4B-00C04F79EFBC}") = "Toyota.Tsusho.TALO.Services.Generic.WCF", "Toyota.Tsusho.TALO.Services.Generic.WCF\Toyota.Tsusho.TALO.Services.Generic.WCF.csproj", "{87B00AAA-3B2D-4F66-9C54-4B198DCFE1CE}"
EndProject
Project("{FAE04EC0-301F-11D3-BF4B-00C04F79EFBC}") = "Toyota.Tsusho.TALO.Services.Generic.Response.WCF", "Toyota.Tsusho.TALO.Services.Generic.Response.WCF\Toyota.Tsusho.TALO.Services.Generic.Response.WCF.csproj", "{E563DEFB-AF51-44FC-9F96-02B42484D4CB}"
EndProject
Project("{FAE04EC0-301F-11D3-BF4B-00C04F79EFBC}") = "Toyota.Tsusho.ServiceModel", "Toyota.Tsusho.ServiceModel\Toyota.Tsusho.ServiceModel.csproj", "{890C98AB-9E05-4216-95C4-7C604561E511}"
EndProject
Project("{FAE04EC0-301F-11D3-BF4B-00C04F79EFBC}") = "Toyota.Tsusho.SAP.Transformations", "Toyota.Tsusho.SAP.Transformations\Toyota.Tsusho.SAP.Transformations.btproj", "{D57DDA11-9BBB-41E2-82E4-EA8685185C4C}"
EndProject
Project("{2150E333-8FDC-42A3-9474-1A3956D46DE8}") = "Build", "Build", "{E3796D14-E222-4A6E-8F65-CDCC2A5C0BE2}"
EndProject
Project("{FAE04EC0-301F-11D3-BF4B-00C04F79EFBC}") = "Toyota.Tsusho.MSBuild", "Toyota.Tsusho.MSBuild\Toyota.Tsusho.MSBuild.csproj", "{AB540F2E-DB33-4750-B298-DD6AA14C85B8}"
EndProject
Project("{FAE04EC0-301F-11D3-BF4B-00C04F79EFBC}") = "Toyota.Tsusho.API.Testing", "Toyota.Tsusho.API.Testing\Toyota.Tsusho.API.Testing.csproj", "{4E7919D6-42F5-403E-810D-11736F9208A7}"
	ProjectSection(ProjectDependencies) = postProject
		{03285DFF-8663-4371-84B2-CD5B6306A8C0} = {03285DFF-8663-4371-84B2-CD5B6306A8C0}
	EndProjectSection
EndProject
Project("{FAE04EC0-301F-11D3-BF4B-00C04F79EFBC}") = "Toyota.Tsusho.BizTalk.Common", "Toyota.Tsusho.BizTalk.Common\Toyota.Tsusho.BizTalk.Common.btproj", "{73DDE233-236B-41CD-B010-65CF1043FF9E}"
EndProject
Project("{FAE04EC0-301F-11D3-BF4B-00C04F79EFBC}") = "Toyota.Tsusho.Bindings", "Toyota.Tsusho.Bindings\Toyota.Tsusho.Bindings.csproj", "{6CB51611-5497-489B-BE99-281464D26825}"
EndProject
Global
	GlobalSection(SolutionConfigurationPlatforms) = preSolution
		Debug|Any CPU = Debug|Any CPU
		Release|Any CPU = Release|Any CPU
		T-KEN-DEV|Any CPU = T-KEN-DEV|Any CPU
		T-KEN-QA|Any CPU = T-KEN-QA|Any CPU
	EndGlobalSection
	GlobalSection(ProjectConfigurationPlatforms) = postSolution
		{832E5811-B6DF-41C4-9E43-AF275F2D013B}.Debug|Any CPU.ActiveCfg = Debug|Any CPU
		{832E5811-B6DF-41C4-9E43-AF275F2D013B}.Debug|Any CPU.Build.0 = Debug|Any CPU
		{832E5811-B6DF-41C4-9E43-AF275F2D013B}.Debug|Any CPU.Deploy.0 = Debug|Any CPU
		{832E5811-B6DF-41C4-9E43-AF275F2D013B}.Release|Any CPU.ActiveCfg = Release|Any CPU
		{832E5811-B6DF-41C4-9E43-AF275F2D013B}.Release|Any CPU.Build.0 = Release|Any CPU
		{832E5811-B6DF-41C4-9E43-AF275F2D013B}.Release|Any CPU.Deploy.0 = Release|Any CPU
		{832E5811-B6DF-41C4-9E43-AF275F2D013B}.T-KEN-DEV|Any CPU.ActiveCfg = T-KEN-DEV|Any CPU
		{832E5811-B6DF-41C4-9E43-AF275F2D013B}.T-KEN-DEV|Any CPU.Build.0 = T-KEN-DEV|Any CPU
		{832E5811-B6DF-41C4-9E43-AF275F2D013B}.T-KEN-DEV|Any CPU.Deploy.0 = T-KEN-DEV|Any CPU
		{832E5811-B6DF-41C4-9E43-AF275F2D013B}.T-KEN-QA|Any CPU.ActiveCfg = T-KEN-QA|Any CPU
		{832E5811-B6DF-41C4-9E43-AF275F2D013B}.T-KEN-QA|Any CPU.Build.0 = T-KEN-QA|Any CPU
		{832E5811-B6DF-41C4-9E43-AF275F2D013B}.T-KEN-QA|Any CPU.Deploy.0 = T-KEN-QA|Any CPU
		{DA4BCFD9-9C41-4281-9A37-D7CA23395216}.Debug|Any CPU.ActiveCfg = Debug|Any CPU
		{DA4BCFD9-9C41-4281-9A37-D7CA23395216}.Debug|Any CPU.Build.0 = Debug|Any CPU
		{DA4BCFD9-9C41-4281-9A37-D7CA23395216}.Release|Any CPU.ActiveCfg = Release|Any CPU
		{DA4BCFD9-9C41-4281-9A37-D7CA23395216}.Release|Any CPU.Build.0 = Release|Any CPU
		{DA4BCFD9-9C41-4281-9A37-D7CA23395216}.T-KEN-DEV|Any CPU.ActiveCfg = T-KEN-DEV|Any CPU
		{DA4BCFD9-9C41-4281-9A37-D7CA23395216}.T-KEN-DEV|Any CPU.Build.0 = T-KEN-DEV|Any CPU
		{DA4BCFD9-9C41-4281-9A37-D7CA23395216}.T-KEN-QA|Any CPU.ActiveCfg = T-KEN-QA|Any CPU
		{DA4BCFD9-9C41-4281-9A37-D7CA23395216}.T-KEN-QA|Any CPU.Build.0 = T-KEN-QA|Any CPU
		{EF095B71-8731-4CC8-A64E-C6BD05ED4FF4}.Debug|Any CPU.ActiveCfg = Debug|Any CPU
		{EF095B71-8731-4CC8-A64E-C6BD05ED4FF4}.Debug|Any CPU.Build.0 = Debug|Any CPU
		{EF095B71-8731-4CC8-A64E-C6BD05ED4FF4}.Release|Any CPU.ActiveCfg = Release|Any CPU
		{EF095B71-8731-4CC8-A64E-C6BD05ED4FF4}.Release|Any CPU.Build.0 = Release|Any CPU
		{EF095B71-8731-4CC8-A64E-C6BD05ED4FF4}.T-KEN-DEV|Any CPU.ActiveCfg = T-KEN-DEV|Any CPU
		{EF095B71-8731-4CC8-A64E-C6BD05ED4FF4}.T-KEN-DEV|Any CPU.Build.0 = T-KEN-DEV|Any CPU
		{EF095B71-8731-4CC8-A64E-C6BD05ED4FF4}.T-KEN-QA|Any CPU.ActiveCfg = T-KEN-QA|Any CPU
		{EF095B71-8731-4CC8-A64E-C6BD05ED4FF4}.T-KEN-QA|Any CPU.Build.0 = T-KEN-QA|Any CPU
		{C721070D-9BA7-4B6C-B695-1FBF956E769B}.Debug|Any CPU.ActiveCfg = Debug|Any CPU
		{C721070D-9BA7-4B6C-B695-1FBF956E769B}.Debug|Any CPU.Build.0 = Debug|Any CPU
		{C721070D-9BA7-4B6C-B695-1FBF956E769B}.Release|Any CPU.ActiveCfg = Release|Any CPU
		{C721070D-9BA7-4B6C-B695-1FBF956E769B}.Release|Any CPU.Build.0 = Release|Any CPU
		{C721070D-9BA7-4B6C-B695-1FBF956E769B}.T-KEN-DEV|Any CPU.ActiveCfg = T-KEN-DEV|Any CPU
		{C721070D-9BA7-4B6C-B695-1FBF956E769B}.T-KEN-DEV|Any CPU.Build.0 = T-KEN-DEV|Any CPU
		{C721070D-9BA7-4B6C-B695-1FBF956E769B}.T-KEN-QA|Any CPU.ActiveCfg = T-KEN-QA|Any CPU
		{C721070D-9BA7-4B6C-B695-1FBF956E769B}.T-KEN-QA|Any CPU.Build.0 = T-KEN-QA|Any CPU
		{F7E81EB6-2C22-427C-B797-03A67756C53C}.Debug|Any CPU.ActiveCfg = Debug|Any CPU
		{F7E81EB6-2C22-427C-B797-03A67756C53C}.Debug|Any CPU.Build.0 = Debug|Any CPU
		{F7E81EB6-2C22-427C-B797-03A67756C53C}.Release|Any CPU.ActiveCfg = Release|Any CPU
		{F7E81EB6-2C22-427C-B797-03A67756C53C}.Release|Any CPU.Build.0 = Release|Any CPU
		{F7E81EB6-2C22-427C-B797-03A67756C53C}.T-KEN-DEV|Any CPU.ActiveCfg = T-KEN-DEV|Any CPU
		{F7E81EB6-2C22-427C-B797-03A67756C53C}.T-KEN-DEV|Any CPU.Build.0 = T-KEN-DEV|Any CPU
		{F7E81EB6-2C22-427C-B797-03A67756C53C}.T-KEN-QA|Any CPU.ActiveCfg = T-KEN-QA|Any CPU
		{F7E81EB6-2C22-427C-B797-03A67756C53C}.T-KEN-QA|Any CPU.Build.0 = T-KEN-QA|Any CPU
		{D2618728-DCCE-41B0-9BF5-7FC269841DE1}.Debug|Any CPU.ActiveCfg = Debug|Any CPU
		{D2618728-DCCE-41B0-9BF5-7FC269841DE1}.Debug|Any CPU.Build.0 = Debug|Any CPU
		{D2618728-DCCE-41B0-9BF5-7FC269841DE1}.Release|Any CPU.ActiveCfg = Release|Any CPU
		{D2618728-DCCE-41B0-9BF5-7FC269841DE1}.Release|Any CPU.Build.0 = Release|Any CPU
		{D2618728-DCCE-41B0-9BF5-7FC269841DE1}.T-KEN-DEV|Any CPU.ActiveCfg = T-KEN-DEV|Any CPU
		{D2618728-DCCE-41B0-9BF5-7FC269841DE1}.T-KEN-DEV|Any CPU.Build.0 = T-KEN-DEV|Any CPU
		{D2618728-DCCE-41B0-9BF5-7FC269841DE1}.T-KEN-QA|Any CPU.ActiveCfg = T-KEN-QA|Any CPU
		{D2618728-DCCE-41B0-9BF5-7FC269841DE1}.T-KEN-QA|Any CPU.Build.0 = T-KEN-QA|Any CPU
		{03285DFF-8663-4371-84B2-CD5B6306A8C0}.Debug|Any CPU.ActiveCfg = Debug|Any CPU
		{03285DFF-8663-4371-84B2-CD5B6306A8C0}.Debug|Any CPU.Build.0 = Debug|Any CPU
		{03285DFF-8663-4371-84B2-CD5B6306A8C0}.Release|Any CPU.ActiveCfg = Release|Any CPU
		{03285DFF-8663-4371-84B2-CD5B6306A8C0}.Release|Any CPU.Build.0 = Release|Any CPU
		{03285DFF-8663-4371-84B2-CD5B6306A8C0}.T-KEN-DEV|Any CPU.ActiveCfg = T-KEN-DEV|Any CPU
		{03285DFF-8663-4371-84B2-CD5B6306A8C0}.T-KEN-DEV|Any CPU.Build.0 = T-KEN-DEV|Any CPU
		{03285DFF-8663-4371-84B2-CD5B6306A8C0}.T-KEN-QA|Any CPU.ActiveCfg = T-KEN-QA|Any CPU
		{03285DFF-8663-4371-84B2-CD5B6306A8C0}.T-KEN-QA|Any CPU.Build.0 = T-KEN-QA|Any CPU
		{C69118FE-302B-457F-BDF2-14AD591AAE29}.Debug|Any CPU.ActiveCfg = Debug|Any CPU
		{C69118FE-302B-457F-BDF2-14AD591AAE29}.Debug|Any CPU.Build.0 = Debug|Any CPU
		{C69118FE-302B-457F-BDF2-14AD591AAE29}.Debug|Any CPU.Deploy.0 = Debug|Any CPU
		{C69118FE-302B-457F-BDF2-14AD591AAE29}.Release|Any CPU.ActiveCfg = Release|Any CPU
		{C69118FE-302B-457F-BDF2-14AD591AAE29}.Release|Any CPU.Build.0 = Release|Any CPU
		{C69118FE-302B-457F-BDF2-14AD591AAE29}.Release|Any CPU.Deploy.0 = Release|Any CPU
		{C69118FE-302B-457F-BDF2-14AD591AAE29}.T-KEN-DEV|Any CPU.ActiveCfg = T-KEN-DEV|Any CPU
		{C69118FE-302B-457F-BDF2-14AD591AAE29}.T-KEN-DEV|Any CPU.Build.0 = T-KEN-DEV|Any CPU
		{C69118FE-302B-457F-BDF2-14AD591AAE29}.T-KEN-DEV|Any CPU.Deploy.0 = T-KEN-DEV|Any CPU
		{C69118FE-302B-457F-BDF2-14AD591AAE29}.T-KEN-QA|Any CPU.ActiveCfg = T-KEN-QA|Any CPU
		{C69118FE-302B-457F-BDF2-14AD591AAE29}.T-KEN-QA|Any CPU.Build.0 = T-KEN-QA|Any CPU
		{C69118FE-302B-457F-BDF2-14AD591AAE29}.T-KEN-QA|Any CPU.Deploy.0 = T-KEN-QA|Any CPU
		{DBCC2432-810D-4CF6-A223-8520E4B8CE11}.Debug|Any CPU.ActiveCfg = Debug|Any CPU
		{DBCC2432-810D-4CF6-A223-8520E4B8CE11}.Debug|Any CPU.Build.0 = Debug|Any CPU
		{DBCC2432-810D-4CF6-A223-8520E4B8CE11}.Debug|Any CPU.Deploy.0 = Debug|Any CPU
		{DBCC2432-810D-4CF6-A223-8520E4B8CE11}.Release|Any CPU.ActiveCfg = Release|Any CPU
		{DBCC2432-810D-4CF6-A223-8520E4B8CE11}.Release|Any CPU.Build.0 = Release|Any CPU
		{DBCC2432-810D-4CF6-A223-8520E4B8CE11}.Release|Any CPU.Deploy.0 = Release|Any CPU
		{DBCC2432-810D-4CF6-A223-8520E4B8CE11}.T-KEN-DEV|Any CPU.ActiveCfg = T-KEN-DEV|Any CPU
		{DBCC2432-810D-4CF6-A223-8520E4B8CE11}.T-KEN-DEV|Any CPU.Build.0 = T-KEN-DEV|Any CPU
		{DBCC2432-810D-4CF6-A223-8520E4B8CE11}.T-KEN-DEV|Any CPU.Deploy.0 = T-KEN-DEV|Any CPU
		{DBCC2432-810D-4CF6-A223-8520E4B8CE11}.T-KEN-QA|Any CPU.ActiveCfg = T-KEN-QA|Any CPU
		{DBCC2432-810D-4CF6-A223-8520E4B8CE11}.T-KEN-QA|Any CPU.Build.0 = T-KEN-QA|Any CPU
		{DBCC2432-810D-4CF6-A223-8520E4B8CE11}.T-KEN-QA|Any CPU.Deploy.0 = T-KEN-QA|Any CPU
		{87B00AAA-3B2D-4F66-9C54-4B198DCFE1CE}.Debug|Any CPU.ActiveCfg = Debug|Any CPU
		{87B00AAA-3B2D-4F66-9C54-4B198DCFE1CE}.Debug|Any CPU.Build.0 = Debug|Any CPU
		{87B00AAA-3B2D-4F66-9C54-4B198DCFE1CE}.Release|Any CPU.ActiveCfg = Release|Any CPU
		{87B00AAA-3B2D-4F66-9C54-4B198DCFE1CE}.Release|Any CPU.Build.0 = Release|Any CPU
		{87B00AAA-3B2D-4F66-9C54-4B198DCFE1CE}.T-KEN-DEV|Any CPU.ActiveCfg = T-KEN-DEV|Any CPU
		{87B00AAA-3B2D-4F66-9C54-4B198DCFE1CE}.T-KEN-DEV|Any CPU.Build.0 = T-KEN-DEV|Any CPU
		{87B00AAA-3B2D-4F66-9C54-4B198DCFE1CE}.T-KEN-QA|Any CPU.ActiveCfg = T-KEN-QA|Any CPU
		{87B00AAA-3B2D-4F66-9C54-4B198DCFE1CE}.T-KEN-QA|Any CPU.Build.0 = T-KEN-QA|Any CPU
		{E563DEFB-AF51-44FC-9F96-02B42484D4CB}.Debug|Any CPU.ActiveCfg = Debug|Any CPU
		{E563DEFB-AF51-44FC-9F96-02B42484D4CB}.Debug|Any CPU.Build.0 = Debug|Any CPU
		{E563DEFB-AF51-44FC-9F96-02B42484D4CB}.Release|Any CPU.ActiveCfg = Release|Any CPU
		{E563DEFB-AF51-44FC-9F96-02B42484D4CB}.Release|Any CPU.Build.0 = Release|Any CPU
		{E563DEFB-AF51-44FC-9F96-02B42484D4CB}.T-KEN-DEV|Any CPU.ActiveCfg = T-KEN-DEV|Any CPU
		{E563DEFB-AF51-44FC-9F96-02B42484D4CB}.T-KEN-DEV|Any CPU.Build.0 = T-KEN-DEV|Any CPU
		{E563DEFB-AF51-44FC-9F96-02B42484D4CB}.T-KEN-QA|Any CPU.ActiveCfg = T-KEN-QA|Any CPU
		{E563DEFB-AF51-44FC-9F96-02B42484D4CB}.T-KEN-QA|Any CPU.Build.0 = T-KEN-QA|Any CPU
		{890C98AB-9E05-4216-95C4-7C604561E511}.Debug|Any CPU.ActiveCfg = Debug|Any CPU
		{890C98AB-9E05-4216-95C4-7C604561E511}.Debug|Any CPU.Build.0 = Debug|Any CPU
		{890C98AB-9E05-4216-95C4-7C604561E511}.Release|Any CPU.ActiveCfg = Release|Any CPU
		{890C98AB-9E05-4216-95C4-7C604561E511}.Release|Any CPU.Build.0 = Release|Any CPU
		{890C98AB-9E05-4216-95C4-7C604561E511}.T-KEN-DEV|Any CPU.ActiveCfg = T-KEN-DEV|Any CPU
		{890C98AB-9E05-4216-95C4-7C604561E511}.T-KEN-DEV|Any CPU.Build.0 = T-KEN-DEV|Any CPU
		{890C98AB-9E05-4216-95C4-7C604561E511}.T-KEN-QA|Any CPU.ActiveCfg = T-KEN-QA|Any CPU
		{890C98AB-9E05-4216-95C4-7C604561E511}.T-KEN-QA|Any CPU.Build.0 = T-KEN-QA|Any CPU
		{D57DDA11-9BBB-41E2-82E4-EA8685185C4C}.Debug|Any CPU.ActiveCfg = Debug|Any CPU
		{D57DDA11-9BBB-41E2-82E4-EA8685185C4C}.Debug|Any CPU.Build.0 = Debug|Any CPU
		{D57DDA11-9BBB-41E2-82E4-EA8685185C4C}.Debug|Any CPU.Deploy.0 = Debug|Any CPU
		{D57DDA11-9BBB-41E2-82E4-EA8685185C4C}.Release|Any CPU.ActiveCfg = Release|Any CPU
		{D57DDA11-9BBB-41E2-82E4-EA8685185C4C}.Release|Any CPU.Build.0 = Release|Any CPU
		{D57DDA11-9BBB-41E2-82E4-EA8685185C4C}.Release|Any CPU.Deploy.0 = Release|Any CPU
		{D57DDA11-9BBB-41E2-82E4-EA8685185C4C}.T-KEN-DEV|Any CPU.ActiveCfg = T-KEN-DEV|Any CPU
		{D57DDA11-9BBB-41E2-82E4-EA8685185C4C}.T-KEN-DEV|Any CPU.Build.0 = T-KEN-DEV|Any CPU
		{D57DDA11-9BBB-41E2-82E4-EA8685185C4C}.T-KEN-DEV|Any CPU.Deploy.0 = T-KEN-DEV|Any CPU
		{D57DDA11-9BBB-41E2-82E4-EA8685185C4C}.T-KEN-QA|Any CPU.ActiveCfg = T-KEN-QA|Any CPU
		{D57DDA11-9BBB-41E2-82E4-EA8685185C4C}.T-KEN-QA|Any CPU.Build.0 = T-KEN-QA|Any CPU
		{D57DDA11-9BBB-41E2-82E4-EA8685185C4C}.T-KEN-QA|Any CPU.Deploy.0 = T-KEN-QA|Any CPU
		{AB540F2E-DB33-4750-B298-DD6AA14C85B8}.Debug|Any CPU.ActiveCfg = Debug|Any CPU
		{AB540F2E-DB33-4750-B298-DD6AA14C85B8}.Debug|Any CPU.Build.0 = Debug|Any CPU
		{AB540F2E-DB33-4750-B298-DD6AA14C85B8}.Release|Any CPU.ActiveCfg = Release|Any CPU
		{AB540F2E-DB33-4750-B298-DD6AA14C85B8}.Release|Any CPU.Build.0 = Release|Any CPU
		{AB540F2E-DB33-4750-B298-DD6AA14C85B8}.T-KEN-DEV|Any CPU.ActiveCfg = T-KEN-DEV|Any CPU
		{AB540F2E-DB33-4750-B298-DD6AA14C85B8}.T-KEN-DEV|Any CPU.Build.0 = T-KEN-DEV|Any CPU
		{AB540F2E-DB33-4750-B298-DD6AA14C85B8}.T-KEN-QA|Any CPU.ActiveCfg = T-KEN-QA|Any CPU
		{AB540F2E-DB33-4750-B298-DD6AA14C85B8}.T-KEN-QA|Any CPU.Build.0 = T-KEN-QA|Any CPU
		{4E7919D6-42F5-403E-810D-11736F9208A7}.Debug|Any CPU.ActiveCfg = Debug|Any CPU
		{4E7919D6-42F5-403E-810D-11736F9208A7}.Debug|Any CPU.Build.0 = Debug|Any CPU
		{4E7919D6-42F5-403E-810D-11736F9208A7}.Release|Any CPU.ActiveCfg = Release|Any CPU
		{4E7919D6-42F5-403E-810D-11736F9208A7}.Release|Any CPU.Build.0 = Release|Any CPU
		{4E7919D6-42F5-403E-810D-11736F9208A7}.T-KEN-DEV|Any CPU.ActiveCfg = T-KEN-DEV|Any CPU
		{4E7919D6-42F5-403E-810D-11736F9208A7}.T-KEN-DEV|Any CPU.Build.0 = T-KEN-DEV|Any CPU
		{4E7919D6-42F5-403E-810D-11736F9208A7}.T-KEN-QA|Any CPU.ActiveCfg = T-KEN-QA|Any CPU
		{4E7919D6-42F5-403E-810D-11736F9208A7}.T-KEN-QA|Any CPU.Build.0 = T-KEN-QA|Any CPU
		{73DDE233-236B-41CD-B010-65CF1043FF9E}.Debug|Any CPU.ActiveCfg = Debug|Any CPU
		{73DDE233-236B-41CD-B010-65CF1043FF9E}.Debug|Any CPU.Build.0 = Debug|Any CPU
		{73DDE233-236B-41CD-B010-65CF1043FF9E}.Debug|Any CPU.Deploy.0 = Debug|Any CPU
		{73DDE233-236B-41CD-B010-65CF1043FF9E}.Release|Any CPU.ActiveCfg = Release|Any CPU
		{73DDE233-236B-41CD-B010-65CF1043FF9E}.Release|Any CPU.Build.0 = Release|Any CPU
		{73DDE233-236B-41CD-B010-65CF1043FF9E}.Release|Any CPU.Deploy.0 = Release|Any CPU
		{73DDE233-236B-41CD-B010-65CF1043FF9E}.T-KEN-DEV|Any CPU.ActiveCfg = T-KEN-DEV|Any CPU
		{73DDE233-236B-41CD-B010-65CF1043FF9E}.T-KEN-DEV|Any CPU.Build.0 = T-KEN-DEV|Any CPU
		{73DDE233-236B-41CD-B010-65CF1043FF9E}.T-KEN-DEV|Any CPU.Deploy.0 = T-KEN-DEV|Any CPU
		{73DDE233-236B-41CD-B010-65CF1043FF9E}.T-KEN-QA|Any CPU.ActiveCfg = T-KEN-QA|Any CPU
		{73DDE233-236B-41CD-B010-65CF1043FF9E}.T-KEN-QA|Any CPU.Build.0 = T-KEN-QA|Any CPU
		{73DDE233-236B-41CD-B010-65CF1043FF9E}.T-KEN-QA|Any CPU.Deploy.0 = T-KEN-QA|Any CPU
		{6CB51611-5497-489B-BE99-281464D26825}.Debug|Any CPU.ActiveCfg = Debug|Any CPU
		{6CB51611-5497-489B-BE99-281464D26825}.Debug|Any CPU.Build.0 = Debug|Any CPU
		{6CB51611-5497-489B-BE99-281464D26825}.Release|Any CPU.ActiveCfg = Release|Any CPU
		{6CB51611-5497-489B-BE99-281464D26825}.Release|Any CPU.Build.0 = Release|Any CPU
		{6CB51611-5497-489B-BE99-281464D26825}.T-KEN-DEV|Any CPU.ActiveCfg = T-KEN-DEV|Any CPU
		{6CB51611-5497-489B-BE99-281464D26825}.T-KEN-DEV|Any CPU.Build.0 = T-KEN-DEV|Any CPU
		{6CB51611-5497-489B-BE99-281464D26825}.T-KEN-QA|Any CPU.ActiveCfg = T-KEN-QA|Any CPU
		{6CB51611-5497-489B-BE99-281464D26825}.T-KEN-QA|Any CPU.Build.0 = T-KEN-QA|Any CPU
	EndGlobalSection
	GlobalSection(SolutionProperties) = preSolution
		HideSolutionNode = FALSE
	EndGlobalSection
	GlobalSection(NestedProjects) = preSolution
		{832E5811-B6DF-41C4-9E43-AF275F2D013B} = {D30EBEB1-C391-4AD6-BE68-D041926B7FAC}
		{DA4BCFD9-9C41-4281-9A37-D7CA23395216} = {5EF150E1-37DF-4A8A-A56F-2D31EDC10B23}
		{EF095B71-8731-4CC8-A64E-C6BD05ED4FF4} = {5EF150E1-37DF-4A8A-A56F-2D31EDC10B23}
		{C721070D-9BA7-4B6C-B695-1FBF956E769B} = {5EF150E1-37DF-4A8A-A56F-2D31EDC10B23}
		{F7E81EB6-2C22-427C-B797-03A67756C53C} = {D30EBEB1-C391-4AD6-BE68-D041926B7FAC}
		{D2618728-DCCE-41B0-9BF5-7FC269841DE1} = {5EF150E1-37DF-4A8A-A56F-2D31EDC10B23}
		{03285DFF-8663-4371-84B2-CD5B6306A8C0} = {5EF150E1-37DF-4A8A-A56F-2D31EDC10B23}
		{C69118FE-302B-457F-BDF2-14AD591AAE29} = {D30EBEB1-C391-4AD6-BE68-D041926B7FAC}
		{DBCC2432-810D-4CF6-A223-8520E4B8CE11} = {D30EBEB1-C391-4AD6-BE68-D041926B7FAC}
		{87B00AAA-3B2D-4F66-9C54-4B198DCFE1CE} = {D30EBEB1-C391-4AD6-BE68-D041926B7FAC}
		{E563DEFB-AF51-44FC-9F96-02B42484D4CB} = {D30EBEB1-C391-4AD6-BE68-D041926B7FAC}
		{890C98AB-9E05-4216-95C4-7C604561E511} = {5EF150E1-37DF-4A8A-A56F-2D31EDC10B23}
		{D57DDA11-9BBB-41E2-82E4-EA8685185C4C} = {D30EBEB1-C391-4AD6-BE68-D041926B7FAC}
		{AB540F2E-DB33-4750-B298-DD6AA14C85B8} = {E3796D14-E222-4A6E-8F65-CDCC2A5C0BE2}
		{4E7919D6-42F5-403E-810D-11736F9208A7} = {0B4B9578-F2B7-4958-9C10-A7B32EDCFE75}
		{73DDE233-236B-41CD-B010-65CF1043FF9E} = {D30EBEB1-C391-4AD6-BE68-D041926B7FAC}
		{6CB51611-5497-489B-BE99-281464D26825} = {D30EBEB1-C391-4AD6-BE68-D041926B7FAC}
	EndGlobalSection
EndGlobal
